// !$*UTF8*$!
{
	archiveVersion = 1;
	classes = {
	};
	objectVersion = 51;
	objects = {

/* Begin PBXBuildFile section */
		7D22D28A26B9B92800E0540B /* AppDelegate.swift in Sources */ = {isa = PBXBuildFile; fileRef = 7D22D28926B9B92800E0540B /* AppDelegate.swift */; };
		7D22D28C26B9B92800E0540B /* SceneDelegate.swift in Sources */ = {isa = PBXBuildFile; fileRef = 7D22D28B26B9B92800E0540B /* SceneDelegate.swift */; };
		7D22D28E26B9B92800E0540B /* GalleryViewController.swift in Sources */ = {isa = PBXBuildFile; fileRef = 7D22D28D26B9B92800E0540B /* GalleryViewController.swift */; };
		7D22D29326B9B92B00E0540B /* Assets.xcassets in Resources */ = {isa = PBXBuildFile; fileRef = 7D22D29226B9B92B00E0540B /* Assets.xcassets */; };
		7D22D29626B9B92B00E0540B /* LaunchScreen.storyboard in Resources */ = {isa = PBXBuildFile; fileRef = 7D22D29426B9B92B00E0540B /* LaunchScreen.storyboard */; };
		7D22D29F26B9D07B00E0540B /* GalleryViewLayout.swift in Sources */ = {isa = PBXBuildFile; fileRef = 7D22D29E26B9D07B00E0540B /* GalleryViewLayout.swift */; };
		7D22D2A126B9D8C200E0540B /* GalleryCollectionViewCell.swift in Sources */ = {isa = PBXBuildFile; fileRef = 7D22D2A026B9D8C200E0540B /* GalleryCollectionViewCell.swift */; };
		7D22D2A326B9EC2C00E0540B /* Constants.swift in Sources */ = {isa = PBXBuildFile; fileRef = 7D22D2A226B9EC2C00E0540B /* Constants.swift */; };
		7D22D2A626B9F41E00E0540B /* DetailViewController.swift in Sources */ = {isa = PBXBuildFile; fileRef = 7D22D2A526B9F41E00E0540B /* DetailViewController.swift */; };
		7D22D2AA26BAFA9100E0540B /* CarouselViewCell.swift in Sources */ = {isa = PBXBuildFile; fileRef = 7D22D2A926BAFA9100E0540B /* CarouselViewCell.swift */; };
		7D22D2BB26BC4E6200E0540B /* PhotoViewCell.swift in Sources */ = {isa = PBXBuildFile; fileRef = 7D22D2BA26BC4E6200E0540B /* PhotoViewCell.swift */; };
		7D22D2BD26BC523E00E0540B /* ViewCellProtocol.swift in Sources */ = {isa = PBXBuildFile; fileRef = 7D22D2BC26BC523E00E0540B /* ViewCellProtocol.swift */; };
		7D22D2C026BC73B500E0540B /* Extension+UIAlertController.swift in Sources */ = {isa = PBXBuildFile; fileRef = 7D22D2BF26BC73B400E0540B /* Extension+UIAlertController.swift */; };
		7D22D2C226BC778F00E0540B /* Extension+UIImageView.swift in Sources */ = {isa = PBXBuildFile; fileRef = 7D22D2C126BC778F00E0540B /* Extension+UIImageView.swift */; };
		7D22D2CA26BDBEA200E0540B /* PhotoService.swift in Sources */ = {isa = PBXBuildFile; fileRef = 7D22D2C926BDBEA200E0540B /* PhotoService.swift */; };
		7D86839E26BE982C008A8DF9 /* AlbumResponse.swift in Sources */ = {isa = PBXBuildFile; fileRef = 7D86839D26BE982B008A8DF9 /* AlbumResponse.swift */; };
		7D8683A026BEB365008A8DF9 /* Photo.swift in Sources */ = {isa = PBXBuildFile; fileRef = 7D86839F26BEB365008A8DF9 /* Photo.swift */; };
		7D8683A226BEB390008A8DF9 /* PhotoSize.swift in Sources */ = {isa = PBXBuildFile; fileRef = 7D8683A126BEB390008A8DF9 /* PhotoSize.swift */; };
		7D8683A426BEB62B008A8DF9 /* PhotoInteractor.swift in Sources */ = {isa = PBXBuildFile; fileRef = 7D8683A326BEB62B008A8DF9 /* PhotoInteractor.swift */; };
		7D8683A726C07121008A8DF9 /* AuthView.swift in Sources */ = {isa = PBXBuildFile; fileRef = 7D8683A626C07121008A8DF9 /* AuthView.swift */; };
		7D8683A926C07130008A8DF9 /* AuthViewController.swift in Sources */ = {isa = PBXBuildFile; fileRef = 7D8683A826C07130008A8DF9 /* AuthViewController.swift */; };
		7DE9F51526C1A478002FC62E /* AuthService.swift in Sources */ = {isa = PBXBuildFile; fileRef = 7DE9F51426C1A478002FC62E /* AuthService.swift */; };
		85D7755D9112D25D450BBE20 /* Pods_iGallery.framework in Frameworks */ = {isa = PBXBuildFile; fileRef = 9E6CA54A49F249B04B65D832 /* Pods_iGallery.framework */; };
/* End PBXBuildFile section */

/* Begin PBXFileReference section */
		361860ACC45110789D715D65 /* Pods-iGallery.debug.xcconfig */ = {isa = PBXFileReference; includeInIndex = 1; lastKnownFileType = text.xcconfig; name = "Pods-iGallery.debug.xcconfig"; path = "Target Support Files/Pods-iGallery/Pods-iGallery.debug.xcconfig"; sourceTree = "<group>"; };
		7D22D28626B9B92800E0540B /* iGallery.app */ = {isa = PBXFileReference; explicitFileType = wrapper.application; includeInIndex = 0; path = iGallery.app; sourceTree = BUILT_PRODUCTS_DIR; };
		7D22D28926B9B92800E0540B /* AppDelegate.swift */ = {isa = PBXFileReference; lastKnownFileType = sourcecode.swift; path = AppDelegate.swift; sourceTree = "<group>"; };
		7D22D28B26B9B92800E0540B /* SceneDelegate.swift */ = {isa = PBXFileReference; lastKnownFileType = sourcecode.swift; path = SceneDelegate.swift; sourceTree = "<group>"; };
		7D22D28D26B9B92800E0540B /* GalleryViewController.swift */ = {isa = PBXFileReference; lastKnownFileType = sourcecode.swift; path = GalleryViewController.swift; sourceTree = "<group>"; };
		7D22D29226B9B92B00E0540B /* Assets.xcassets */ = {isa = PBXFileReference; lastKnownFileType = folder.assetcatalog; path = Assets.xcassets; sourceTree = "<group>"; };
		7D22D29526B9B92B00E0540B /* Base */ = {isa = PBXFileReference; lastKnownFileType = file.storyboard; name = Base; path = Base.lproj/LaunchScreen.storyboard; sourceTree = "<group>"; };
		7D22D29726B9B92B00E0540B /* Info.plist */ = {isa = PBXFileReference; lastKnownFileType = text.plist.xml; path = Info.plist; sourceTree = "<group>"; };
		7D22D29E26B9D07B00E0540B /* GalleryViewLayout.swift */ = {isa = PBXFileReference; lastKnownFileType = sourcecode.swift; path = GalleryViewLayout.swift; sourceTree = "<group>"; };
		7D22D2A026B9D8C200E0540B /* GalleryCollectionViewCell.swift */ = {isa = PBXFileReference; lastKnownFileType = sourcecode.swift; path = GalleryCollectionViewCell.swift; sourceTree = "<group>"; };
		7D22D2A226B9EC2C00E0540B /* Constants.swift */ = {isa = PBXFileReference; lastKnownFileType = sourcecode.swift; path = Constants.swift; sourceTree = "<group>"; };
		7D22D2A526B9F41E00E0540B /* DetailViewController.swift */ = {isa = PBXFileReference; lastKnownFileType = sourcecode.swift; path = DetailViewController.swift; sourceTree = "<group>"; };
		7D22D2A926BAFA9100E0540B /* CarouselViewCell.swift */ = {isa = PBXFileReference; lastKnownFileType = sourcecode.swift; path = CarouselViewCell.swift; sourceTree = "<group>"; };
		7D22D2BA26BC4E6200E0540B /* PhotoViewCell.swift */ = {isa = PBXFileReference; lastKnownFileType = sourcecode.swift; path = PhotoViewCell.swift; sourceTree = "<group>"; };
		7D22D2BC26BC523E00E0540B /* ViewCellProtocol.swift */ = {isa = PBXFileReference; lastKnownFileType = sourcecode.swift; path = ViewCellProtocol.swift; sourceTree = "<group>"; };
		7D22D2BF26BC73B400E0540B /* Extension+UIAlertController.swift */ = {isa = PBXFileReference; lastKnownFileType = sourcecode.swift; path = "Extension+UIAlertController.swift"; sourceTree = "<group>"; };
		7D22D2C126BC778F00E0540B /* Extension+UIImageView.swift */ = {isa = PBXFileReference; lastKnownFileType = sourcecode.swift; path = "Extension+UIImageView.swift"; sourceTree = "<group>"; };
		7D22D2C926BDBEA200E0540B /* PhotoService.swift */ = {isa = PBXFileReference; lastKnownFileType = sourcecode.swift; path = PhotoService.swift; sourceTree = "<group>"; };
		7D86839D26BE982B008A8DF9 /* AlbumResponse.swift */ = {isa = PBXFileReference; lastKnownFileType = sourcecode.swift; path = AlbumResponse.swift; sourceTree = "<group>"; };
		7D86839F26BEB365008A8DF9 /* Photo.swift */ = {isa = PBXFileReference; lastKnownFileType = sourcecode.swift; path = Photo.swift; sourceTree = "<group>"; };
		7D8683A126BEB390008A8DF9 /* PhotoSize.swift */ = {isa = PBXFileReference; lastKnownFileType = sourcecode.swift; path = PhotoSize.swift; sourceTree = "<group>"; };
		7D8683A326BEB62B008A8DF9 /* PhotoInteractor.swift */ = {isa = PBXFileReference; lastKnownFileType = sourcecode.swift; path = PhotoInteractor.swift; sourceTree = "<group>"; };
		7D8683A626C07121008A8DF9 /* AuthView.swift */ = {isa = PBXFileReference; lastKnownFileType = sourcecode.swift; path = AuthView.swift; sourceTree = "<group>"; };
		7D8683A826C07130008A8DF9 /* AuthViewController.swift */ = {isa = PBXFileReference; lastKnownFileType = sourcecode.swift; path = AuthViewController.swift; sourceTree = "<group>"; };
		7DE9F51426C1A478002FC62E /* AuthService.swift */ = {isa = PBXFileReference; lastKnownFileType = sourcecode.swift; path = AuthService.swift; sourceTree = "<group>"; };
		9E6CA54A49F249B04B65D832 /* Pods_iGallery.framework */ = {isa = PBXFileReference; explicitFileType = wrapper.framework; includeInIndex = 0; path = Pods_iGallery.framework; sourceTree = BUILT_PRODUCTS_DIR; };
		BA1240FFDC84DEDEF24DF119 /* Pods-iGallery.release.xcconfig */ = {isa = PBXFileReference; includeInIndex = 1; lastKnownFileType = text.xcconfig; name = "Pods-iGallery.release.xcconfig"; path = "Target Support Files/Pods-iGallery/Pods-iGallery.release.xcconfig"; sourceTree = "<group>"; };
/* End PBXFileReference section */

/* Begin PBXFrameworksBuildPhase section */
		7D22D28326B9B92800E0540B /* Frameworks */ = {
			isa = PBXFrameworksBuildPhase;
			buildActionMask = 2147483647;
			files = (
				85D7755D9112D25D450BBE20 /* Pods_iGallery.framework in Frameworks */,
			);
			runOnlyForDeploymentPostprocessing = 0;
		};
/* End PBXFrameworksBuildPhase section */

/* Begin PBXGroup section */
		6FFD3A0720DDEDEE6FBCAB4C /* Frameworks */ = {
			isa = PBXGroup;
			children = (
				9E6CA54A49F249B04B65D832 /* Pods_iGallery.framework */,
			);
			name = Frameworks;
			sourceTree = "<group>";
		};
		7D22D27D26B9B92800E0540B = {
			isa = PBXGroup;
			children = (
				7D22D28826B9B92800E0540B /* iGallery */,
				7D22D28726B9B92800E0540B /* Products */,
				A4FE8FE182A0FEFDF9DF5679 /* Pods */,
				6FFD3A0720DDEDEE6FBCAB4C /* Frameworks */,
			);
			sourceTree = "<group>";
		};
		7D22D28726B9B92800E0540B /* Products */ = {
			isa = PBXGroup;
			children = (
				7D22D28626B9B92800E0540B /* iGallery.app */,
			);
			name = Products;
			sourceTree = "<group>";
		};
		7D22D28826B9B92800E0540B /* iGallery */ = {
			isa = PBXGroup;
			children = (
				7D22D28926B9B92800E0540B /* AppDelegate.swift */,
				7D22D28B26B9B92800E0540B /* SceneDelegate.swift */,
				7D86839C26BE9814008A8DF9 /* Models */,
				7DE9F51326C1A410002FC62E /* Auth Service */,
				7D22D2C826BDBE7C00E0540B /* Photo Service */,
				7D8683A526C070D2008A8DF9 /* Authorization */,
				7D22D2A426B9F3ED00E0540B /* Detail */,
				7D22D29D26B9D04B00E0540B /* Gallery */,
				7D22D2BE26BC738C00E0540B /* Extensions */,
				7D22D2C326BC7C8500E0540B /* Helpers */,
				7D22D29226B9B92B00E0540B /* Assets.xcassets */,
				7D22D29426B9B92B00E0540B /* LaunchScreen.storyboard */,
				7D22D29726B9B92B00E0540B /* Info.plist */,
			);
			path = iGallery;
			sourceTree = "<group>";
		};
		7D22D29D26B9D04B00E0540B /* Gallery */ = {
			isa = PBXGroup;
			children = (
				7D22D28D26B9B92800E0540B /* GalleryViewController.swift */,
				7D22D29E26B9D07B00E0540B /* GalleryViewLayout.swift */,
				7D22D2A026B9D8C200E0540B /* GalleryCollectionViewCell.swift */,
			);
			path = Gallery;
			sourceTree = "<group>";
		};
		7D22D2A426B9F3ED00E0540B /* Detail */ = {
			isa = PBXGroup;
			children = (
				7D22D2A526B9F41E00E0540B /* DetailViewController.swift */,
				7D22D2A926BAFA9100E0540B /* CarouselViewCell.swift */,
				7D22D2BA26BC4E6200E0540B /* PhotoViewCell.swift */,
				7D22D2BC26BC523E00E0540B /* ViewCellProtocol.swift */,
			);
			path = Detail;
			sourceTree = "<group>";
		};
		7D22D2BE26BC738C00E0540B /* Extensions */ = {
			isa = PBXGroup;
			children = (
				7D22D2BF26BC73B400E0540B /* Extension+UIAlertController.swift */,
				7D22D2C126BC778F00E0540B /* Extension+UIImageView.swift */,
			);
			path = Extensions;
			sourceTree = "<group>";
		};
		7D22D2C326BC7C8500E0540B /* Helpers */ = {
			isa = PBXGroup;
			children = (
				7D22D2A226B9EC2C00E0540B /* Constants.swift */,
			);
			path = Helpers;
			sourceTree = "<group>";
		};
		7D22D2C826BDBE7C00E0540B /* Photo Service */ = {
			isa = PBXGroup;
			children = (
				7D22D2C926BDBEA200E0540B /* PhotoService.swift */,
				7D8683A326BEB62B008A8DF9 /* PhotoInteractor.swift */,
			);
			path = "Photo Service";
			sourceTree = "<group>";
		};
		7D86839C26BE9814008A8DF9 /* Models */ = {
			isa = PBXGroup;
			children = (
				7D86839D26BE982B008A8DF9 /* AlbumResponse.swift */,
				7D86839F26BEB365008A8DF9 /* Photo.swift */,
				7D8683A126BEB390008A8DF9 /* PhotoSize.swift */,
			);
			path = Models;
			sourceTree = "<group>";
		};
		7D8683A526C070D2008A8DF9 /* Authorization */ = {
			isa = PBXGroup;
			children = (
				7D8683A626C07121008A8DF9 /* AuthView.swift */,
				7D8683A826C07130008A8DF9 /* AuthViewController.swift */,
			);
			path = Authorization;
			sourceTree = "<group>";
		};
		7DE9F51326C1A410002FC62E /* Auth Service */ = {
			isa = PBXGroup;
			children = (
				7DE9F51426C1A478002FC62E /* AuthService.swift */,
			);
			path = "Auth Service";
			sourceTree = "<group>";
		};
		A4FE8FE182A0FEFDF9DF5679 /* Pods */ = {
			isa = PBXGroup;
			children = (
				361860ACC45110789D715D65 /* Pods-iGallery.debug.xcconfig */,
				BA1240FFDC84DEDEF24DF119 /* Pods-iGallery.release.xcconfig */,
			);
			path = Pods;
			sourceTree = "<group>";
		};
/* End PBXGroup section */

/* Begin PBXNativeTarget section */
		7D22D28526B9B92800E0540B /* iGallery */ = {
			isa = PBXNativeTarget;
			buildConfigurationList = 7D22D29A26B9B92B00E0540B /* Build configuration list for PBXNativeTarget "iGallery" */;
			buildPhases = (
				57783915964893BDC2EAED6E /* [CP] Check Pods Manifest.lock */,
				7D22D28226B9B92800E0540B /* Sources */,
				7D22D28326B9B92800E0540B /* Frameworks */,
				7D22D28426B9B92800E0540B /* Resources */,
				4CF123296D716C53391BA514 /* [CP] Embed Pods Frameworks */,
			);
			buildRules = (
			);
			dependencies = (
			);
			name = iGallery;
			productName = iGallery;
			productReference = 7D22D28626B9B92800E0540B /* iGallery.app */;
			productType = "com.apple.product-type.application";
		};
/* End PBXNativeTarget section */

/* Begin PBXProject section */
		7D22D27E26B9B92800E0540B /* Project object */ = {
			isa = PBXProject;
			attributes = {
				LastSwiftUpdateCheck = 1250;
				LastUpgradeCheck = 1250;
				TargetAttributes = {
					7D22D28526B9B92800E0540B = {
						CreatedOnToolsVersion = 12.5.1;
					};
				};
			};
			buildConfigurationList = 7D22D28126B9B92800E0540B /* Build configuration list for PBXProject "iGallery" */;
			compatibilityVersion = "Xcode 9.3";
			developmentRegion = en;
			hasScannedForEncodings = 0;
			knownRegions = (
				en,
				Base,
			);
			mainGroup = 7D22D27D26B9B92800E0540B;
			productRefGroup = 7D22D28726B9B92800E0540B /* Products */;
			projectDirPath = "";
			projectRoot = "";
			targets = (
				7D22D28526B9B92800E0540B /* iGallery */,
			);
		};
/* End PBXProject section */

/* Begin PBXResourcesBuildPhase section */
		7D22D28426B9B92800E0540B /* Resources */ = {
			isa = PBXResourcesBuildPhase;
			buildActionMask = 2147483647;
			files = (
				7D22D29626B9B92B00E0540B /* LaunchScreen.storyboard in Resources */,
				7D22D29326B9B92B00E0540B /* Assets.xcassets in Resources */,
			);
			runOnlyForDeploymentPostprocessing = 0;
		};
/* End PBXResourcesBuildPhase section */

/* Begin PBXShellScriptBuildPhase section */
		4CF123296D716C53391BA514 /* [CP] Embed Pods Frameworks */ = {
			isa = PBXShellScriptBuildPhase;
			buildActionMask = 2147483647;
			files = (
			);
			inputFileListPaths = (
				"${PODS_ROOT}/Target Support Files/Pods-iGallery/Pods-iGallery-frameworks-${CONFIGURATION}-input-files.xcfilelist",
			);
			name = "[CP] Embed Pods Frameworks";
			outputFileListPaths = (
				"${PODS_ROOT}/Target Support Files/Pods-iGallery/Pods-iGallery-frameworks-${CONFIGURATION}-output-files.xcfilelist",
			);
			runOnlyForDeploymentPostprocessing = 0;
			shellPath = /bin/sh;
			shellScript = "\"${PODS_ROOT}/Target Support Files/Pods-iGallery/Pods-iGallery-frameworks.sh\"\n";
			showEnvVarsInLog = 0;
		};
		57783915964893BDC2EAED6E /* [CP] Check Pods Manifest.lock */ = {
			isa = PBXShellScriptBuildPhase;
			buildActionMask = 2147483647;
			files = (
			);
			inputFileListPaths = (
			);
			inputPaths = (
				"${PODS_PODFILE_DIR_PATH}/Podfile.lock",
				"${PODS_ROOT}/Manifest.lock",
			);
			name = "[CP] Check Pods Manifest.lock";
			outputFileListPaths = (
			);
			outputPaths = (
				"$(DERIVED_FILE_DIR)/Pods-iGallery-checkManifestLockResult.txt",
			);
			runOnlyForDeploymentPostprocessing = 0;
			shellPath = /bin/sh;
			shellScript = "diff \"${PODS_PODFILE_DIR_PATH}/Podfile.lock\" \"${PODS_ROOT}/Manifest.lock\" > /dev/null\nif [ $? != 0 ] ; then\n    # print error to STDERR\n    echo \"error: The sandbox is not in sync with the Podfile.lock. Run 'pod install' or update your CocoaPods installation.\" >&2\n    exit 1\nfi\n# This output is used by Xcode 'outputs' to avoid re-running this script phase.\necho \"SUCCESS\" > \"${SCRIPT_OUTPUT_FILE_0}\"\n";
			showEnvVarsInLog = 0;
		};
/* End PBXShellScriptBuildPhase section */

/* Begin PBXSourcesBuildPhase section */
		7D22D28226B9B92800E0540B /* Sources */ = {
			isa = PBXSourcesBuildPhase;
			buildActionMask = 2147483647;
			files = (
				7D8683A026BEB365008A8DF9 /* Photo.swift in Sources */,
				7D22D28E26B9B92800E0540B /* GalleryViewController.swift in Sources */,
				7D22D2C026BC73B500E0540B /* Extension+UIAlertController.swift in Sources */,
				7D22D2A126B9D8C200E0540B /* GalleryCollectionViewCell.swift in Sources */,
				7D22D2BB26BC4E6200E0540B /* PhotoViewCell.swift in Sources */,
				7D22D28A26B9B92800E0540B /* AppDelegate.swift in Sources */,
				7D22D2CA26BDBEA200E0540B /* PhotoService.swift in Sources */,
				7DE9F51526C1A478002FC62E /* AuthService.swift in Sources */,
				7D8683A426BEB62B008A8DF9 /* PhotoInteractor.swift in Sources */,
				7D8683A726C07121008A8DF9 /* AuthView.swift in Sources */,
				7D22D28C26B9B92800E0540B /* SceneDelegate.swift in Sources */,
				7D22D29F26B9D07B00E0540B /* GalleryViewLayout.swift in Sources */,
				7D22D2AA26BAFA9100E0540B /* CarouselViewCell.swift in Sources */,
				7D86839E26BE982C008A8DF9 /* AlbumResponse.swift in Sources */,
				7D22D2A326B9EC2C00E0540B /* Constants.swift in Sources */,
				7D22D2BD26BC523E00E0540B /* ViewCellProtocol.swift in Sources */,
				7D8683A226BEB390008A8DF9 /* PhotoSize.swift in Sources */,
				7D8683A926C07130008A8DF9 /* AuthViewController.swift in Sources */,
				7D22D2C226BC778F00E0540B /* Extension+UIImageView.swift in Sources */,
				7D22D2A626B9F41E00E0540B /* DetailViewController.swift in Sources */,
			);
			runOnlyForDeploymentPostprocessing = 0;
		};
/* End PBXSourcesBuildPhase section */

/* Begin PBXVariantGroup section */
		7D22D29426B9B92B00E0540B /* LaunchScreen.storyboard */ = {
			isa = PBXVariantGroup;
			children = (
				7D22D29526B9B92B00E0540B /* Base */,
			);
			name = LaunchScreen.storyboard;
			sourceTree = "<group>";
		};
/* End PBXVariantGroup section */

/* Begin XCBuildConfiguration section */
		7D22D29826B9B92B00E0540B /* Debug */ = {
			isa = XCBuildConfiguration;
			buildSettings = {
				ALWAYS_SEARCH_USER_PATHS = NO;
				CLANG_ANALYZER_NONNULL = YES;
				CLANG_ANALYZER_NUMBER_OBJECT_CONVERSION = YES_AGGRESSIVE;
				CLANG_CXX_LANGUAGE_STANDARD = "gnu++14";
				CLANG_CXX_LIBRARY = "libc++";
				CLANG_ENABLE_MODULES = YES;
				CLANG_ENABLE_OBJC_ARC = YES;
				CLANG_ENABLE_OBJC_WEAK = YES;
				CLANG_WARN_BLOCK_CAPTURE_AUTORELEASING = YES;
				CLANG_WARN_BOOL_CONVERSION = YES;
				CLANG_WARN_COMMA = YES;
				CLANG_WARN_CONSTANT_CONVERSION = YES;
				CLANG_WARN_DEPRECATED_OBJC_IMPLEMENTATIONS = YES;
				CLANG_WARN_DIRECT_OBJC_ISA_USAGE = YES_ERROR;
				CLANG_WARN_DOCUMENTATION_COMMENTS = YES;
				CLANG_WARN_EMPTY_BODY = YES;
				CLANG_WARN_ENUM_CONVERSION = YES;
				CLANG_WARN_INFINITE_RECURSION = YES;
				CLANG_WARN_INT_CONVERSION = YES;
				CLANG_WARN_NON_LITERAL_NULL_CONVERSION = YES;
				CLANG_WARN_OBJC_IMPLICIT_RETAIN_SELF = YES;
				CLANG_WARN_OBJC_LITERAL_CONVERSION = YES;
				CLANG_WARN_OBJC_ROOT_CLASS = YES_ERROR;
				CLANG_WARN_QUOTED_INCLUDE_IN_FRAMEWORK_HEADER = YES;
				CLANG_WARN_RANGE_LOOP_ANALYSIS = YES;
				CLANG_WARN_STRICT_PROTOTYPES = YES;
				CLANG_WARN_SUSPICIOUS_MOVE = YES;
				CLANG_WARN_UNGUARDED_AVAILABILITY = YES_AGGRESSIVE;
				CLANG_WARN_UNREACHABLE_CODE = YES;
				CLANG_WARN__DUPLICATE_METHOD_MATCH = YES;
				COPY_PHASE_STRIP = NO;
				DEBUG_INFORMATION_FORMAT = dwarf;
				ENABLE_STRICT_OBJC_MSGSEND = YES;
				ENABLE_TESTABILITY = YES;
				GCC_C_LANGUAGE_STANDARD = gnu11;
				GCC_DYNAMIC_NO_PIC = NO;
				GCC_NO_COMMON_BLOCKS = YES;
				GCC_OPTIMIZATION_LEVEL = 0;
				GCC_PREPROCESSOR_DEFINITIONS = (
					"DEBUG=1",
					"$(inherited)",
				);
				GCC_WARN_64_TO_32_BIT_CONVERSION = YES;
				GCC_WARN_ABOUT_RETURN_TYPE = YES_ERROR;
				GCC_WARN_UNDECLARED_SELECTOR = YES;
				GCC_WARN_UNINITIALIZED_AUTOS = YES_AGGRESSIVE;
				GCC_WARN_UNUSED_FUNCTION = YES;
				GCC_WARN_UNUSED_VARIABLE = YES;
				IPHONEOS_DEPLOYMENT_TARGET = 14.5;
				MTL_ENABLE_DEBUG_INFO = INCLUDE_SOURCE;
				MTL_FAST_MATH = YES;
				ONLY_ACTIVE_ARCH = YES;
				SDKROOT = iphoneos;
				SWIFT_ACTIVE_COMPILATION_CONDITIONS = DEBUG;
				SWIFT_OPTIMIZATION_LEVEL = "-Onone";
			};
			name = Debug;
		};
		7D22D29926B9B92B00E0540B /* Release */ = {
			isa = XCBuildConfiguration;
			buildSettings = {
				ALWAYS_SEARCH_USER_PATHS = NO;
				CLANG_ANALYZER_NONNULL = YES;
				CLANG_ANALYZER_NUMBER_OBJECT_CONVERSION = YES_AGGRESSIVE;
				CLANG_CXX_LANGUAGE_STANDARD = "gnu++14";
				CLANG_CXX_LIBRARY = "libc++";
				CLANG_ENABLE_MODULES = YES;
				CLANG_ENABLE_OBJC_ARC = YES;
				CLANG_ENABLE_OBJC_WEAK = YES;
				CLANG_WARN_BLOCK_CAPTURE_AUTORELEASING = YES;
				CLANG_WARN_BOOL_CONVERSION = YES;
				CLANG_WARN_COMMA = YES;
				CLANG_WARN_CONSTANT_CONVERSION = YES;
				CLANG_WARN_DEPRECATED_OBJC_IMPLEMENTATIONS = YES;
				CLANG_WARN_DIRECT_OBJC_ISA_USAGE = YES_ERROR;
				CLANG_WARN_DOCUMENTATION_COMMENTS = YES;
				CLANG_WARN_EMPTY_BODY = YES;
				CLANG_WARN_ENUM_CONVERSION = YES;
				CLANG_WARN_INFINITE_RECURSION = YES;
				CLANG_WARN_INT_CONVERSION = YES;
				CLANG_WARN_NON_LITERAL_NULL_CONVERSION = YES;
				CLANG_WARN_OBJC_IMPLICIT_RETAIN_SELF = YES;
				CLANG_WARN_OBJC_LITERAL_CONVERSION = YES;
				CLANG_WARN_OBJC_ROOT_CLASS = YES_ERROR;
				CLANG_WARN_QUOTED_INCLUDE_IN_FRAMEWORK_HEADER = YES;
				CLANG_WARN_RANGE_LOOP_ANALYSIS = YES;
				CLANG_WARN_STRICT_PROTOTYPES = YES;
				CLANG_WARN_SUSPICIOUS_MOVE = YES;
				CLANG_WARN_UNGUARDED_AVAILABILITY = YES_AGGRESSIVE;
				CLANG_WARN_UNREACHABLE_CODE = YES;
				CLANG_WARN__DUPLICATE_METHOD_MATCH = YES;
				COPY_PHASE_STRIP = NO;
				DEBUG_INFORMATION_FORMAT = "dwarf-with-dsym";
				ENABLE_NS_ASSERTIONS = NO;
				ENABLE_STRICT_OBJC_MSGSEND = YES;
				GCC_C_LANGUAGE_STANDARD = gnu11;
				GCC_NO_COMMON_BLOCKS = YES;
				GCC_WARN_64_TO_32_BIT_CONVERSION = YES;
				GCC_WARN_ABOUT_RETURN_TYPE = YES_ERROR;
				GCC_WARN_UNDECLARED_SELECTOR = YES;
				GCC_WARN_UNINITIALIZED_AUTOS = YES_AGGRESSIVE;
				GCC_WARN_UNUSED_FUNCTION = YES;
				GCC_WARN_UNUSED_VARIABLE = YES;
				IPHONEOS_DEPLOYMENT_TARGET = 14.5;
				MTL_ENABLE_DEBUG_INFO = NO;
				MTL_FAST_MATH = YES;
				SDKROOT = iphoneos;
				SWIFT_COMPILATION_MODE = wholemodule;
				SWIFT_OPTIMIZATION_LEVEL = "-O";
				VALIDATE_PRODUCT = YES;
			};
			name = Release;
		};
		7D22D29B26B9B92B00E0540B /* Debug */ = {
			isa = XCBuildConfiguration;
			baseConfigurationReference = 361860ACC45110789D715D65 /* Pods-iGallery.debug.xcconfig */;
			buildSettings = {
				ASSETCATALOG_COMPILER_APPICON_NAME = AppIcon;
				ASSETCATALOG_COMPILER_GLOBAL_ACCENT_COLOR_NAME = AccentColor;
				CODE_SIGN_STYLE = Automatic;
				DEVELOPMENT_TEAM = 946NQ7ZBS2;
				INFOPLIST_FILE = iGallery/Info.plist;
				IPHONEOS_DEPLOYMENT_TARGET = 13.0;
				LD_RUNPATH_SEARCH_PATHS = (
					"$(inherited)",
					"@executable_path/Frameworks",
				);
				PRODUCT_BUNDLE_IDENTIFIER = jemzza.MyTestApp;
				PRODUCT_NAME = "$(TARGET_NAME)";
				SWIFT_VERSION = 5.0;
				TARGETED_DEVICE_FAMILY = 1;
			};
			name = Debug;
		};
		7D22D29C26B9B92B00E0540B /* Release */ = {
			isa = XCBuildConfiguration;
			baseConfigurationReference = BA1240FFDC84DEDEF24DF119 /* Pods-iGallery.release.xcconfig */;
			buildSettings = {
				ASSETCATALOG_COMPILER_APPICON_NAME = AppIcon;
				ASSETCATALOG_COMPILER_GLOBAL_ACCENT_COLOR_NAME = AccentColor;
				CODE_SIGN_STYLE = Automatic;
				DEVELOPMENT_TEAM = 946NQ7ZBS2;
				INFOPLIST_FILE = iGallery/Info.plist;
				IPHONEOS_DEPLOYMENT_TARGET = 13.0;
				LD_RUNPATH_SEARCH_PATHS = (
					"$(inherited)",
					"@executable_path/Frameworks",
				);
				PRODUCT_BUNDLE_IDENTIFIER = jemzza.MyTestApp;
				PRODUCT_NAME = "$(TARGET_NAME)";
				SWIFT_VERSION = 5.0;
				TARGETED_DEVICE_FAMILY = 1;
			};
			name = Release;
		};
/* End XCBuildConfiguration section */

/* Begin XCConfigurationList section */
		7D22D28126B9B92800E0540B /* Build configuration list for PBXProject "iGallery" */ = {
			isa = XCConfigurationList;
			buildConfigurations = (
				7D22D29826B9B92B00E0540B /* Debug */,
				7D22D29926B9B92B00E0540B /* Release */,
			);
			defaultConfigurationIsVisible = 0;
			defaultConfigurationName = Release;
		};
		7D22D29A26B9B92B00E0540B /* Build configuration list for PBXNativeTarget "iGallery" */ = {
			isa = XCConfigurationList;
			buildConfigurations = (
				7D22D29B26B9B92B00E0540B /* Debug */,
				7D22D29C26B9B92B00E0540B /* Release */,
			);
			defaultConfigurationIsVisible = 0;
			defaultConfigurationName = Release;
		};
/* End XCConfigurationList section */
	};
	rootObject = 7D22D27E26B9B92800E0540B /* Project object */;
}
